// !$*UTF8*$!
{
	archiveVersion = 1;
	classes = {
	};
	objectVersion = 56;
	objects = {

/* Begin PBXBuildFile section */
		75DA000F2CF78B52006CAD89 /* nubble_appApp.swift in Sources */ = {isa = PBXBuildFile; fileRef = 75DA000E2CF78B52006CAD89 /* nubble_appApp.swift */; };
		75DA00112CF78B52006CAD89 /* ContentView.swift in Sources */ = {isa = PBXBuildFile; fileRef = 75DA00102CF78B52006CAD89 /* ContentView.swift */; };
		75DA00132CF78B54006CAD89 /* Assets.xcassets in Resources */ = {isa = PBXBuildFile; fileRef = 75DA00122CF78B54006CAD89 /* Assets.xcassets */; };
		75DA00162CF78B54006CAD89 /* Preview Assets.xcassets in Resources */ = {isa = PBXBuildFile; fileRef = 75DA00152CF78B54006CAD89 /* Preview Assets.xcassets */; };
		75DA00202CF78B54006CAD89 /* nubble_appTests.swift in Sources */ = {isa = PBXBuildFile; fileRef = 75DA001F2CF78B54006CAD89 /* nubble_appTests.swift */; };
		75DA002A2CF78B54006CAD89 /* nubble_appUITests.swift in Sources */ = {isa = PBXBuildFile; fileRef = 75DA00292CF78B54006CAD89 /* nubble_appUITests.swift */; };
		75DA002C2CF78B54006CAD89 /* nubble_appUITestsLaunchTests.swift in Sources */ = {isa = PBXBuildFile; fileRef = 75DA002B2CF78B54006CAD89 /* nubble_appUITestsLaunchTests.swift */; };
/* End PBXBuildFile section */

/* Begin PBXContainerItemProxy section */
		75DA001C2CF78B54006CAD89 /* PBXContainerItemProxy */ = {
			isa = PBXContainerItemProxy;
			containerPortal = 75DA00032CF78B52006CAD89 /* Project object */;
			proxyType = 1;
			remoteGlobalIDString = 75DA000A2CF78B52006CAD89;
			remoteInfo = nubble_app;
		};
		75DA00262CF78B54006CAD89 /* PBXContainerItemProxy */ = {
			isa = PBXContainerItemProxy;
			containerPortal = 75DA00032CF78B52006CAD89 /* Project object */;
			proxyType = 1;
			remoteGlobalIDString = 75DA000A2CF78B52006CAD89;
			remoteInfo = nubble_app;
		};
/* End PBXContainerItemProxy section */

/* Begin PBXFileReference section */
		75DA000B2CF78B52006CAD89 /* nubble_app.app */ = {isa = PBXFileReference; explicitFileType = wrapper.application; includeInIndex = 0; path = nubble_app.app; sourceTree = BUILT_PRODUCTS_DIR; };
		75DA000E2CF78B52006CAD89 /* nubble_appApp.swift */ = {isa = PBXFileReference; lastKnownFileType = sourcecode.swift; path = nubble_appApp.swift; sourceTree = "<group>"; };
		75DA00102CF78B52006CAD89 /* ContentView.swift */ = {isa = PBXFileReference; lastKnownFileType = sourcecode.swift; path = ContentView.swift; sourceTree = "<group>"; };
		75DA00122CF78B54006CAD89 /* Assets.xcassets */ = {isa = PBXFileReference; lastKnownFileType = folder.assetcatalog; path = Assets.xcassets; sourceTree = "<group>"; };
		75DA00152CF78B54006CAD89 /* Preview Assets.xcassets */ = {isa = PBXFileReference; lastKnownFileType = folder.assetcatalog; path = "Preview Assets.xcassets"; sourceTree = "<group>"; };
		75DA001B2CF78B54006CAD89 /* nubble_appTests.xctest */ = {isa = PBXFileReference; explicitFileType = wrapper.cfbundle; includeInIndex = 0; path = nubble_appTests.xctest; sourceTree = BUILT_PRODUCTS_DIR; };
		75DA001F2CF78B54006CAD89 /* nubble_appTests.swift */ = {isa = PBXFileReference; lastKnownFileType = sourcecode.swift; path = nubble_appTests.swift; sourceTree = "<group>"; };
		75DA00252CF78B54006CAD89 /* nubble_appUITests.xctest */ = {isa = PBXFileReference; explicitFileType = wrapper.cfbundle; includeInIndex = 0; path = nubble_appUITests.xctest; sourceTree = BUILT_PRODUCTS_DIR; };
		75DA00292CF78B54006CAD89 /* nubble_appUITests.swift */ = {isa = PBXFileReference; lastKnownFileType = sourcecode.swift; path = nubble_appUITests.swift; sourceTree = "<group>"; };
		75DA002B2CF78B54006CAD89 /* nubble_appUITestsLaunchTests.swift */ = {isa = PBXFileReference; lastKnownFileType = sourcecode.swift; path = nubble_appUITestsLaunchTests.swift; sourceTree = "<group>"; };
/* End PBXFileReference section */

/* Begin PBXFrameworksBuildPhase section */
		75DA00082CF78B52006CAD89 /* Frameworks */ = {
			isa = PBXFrameworksBuildPhase;
			buildActionMask = 2147483647;
			files = (
			);
			runOnlyForDeploymentPostprocessing = 0;
		};
		75DA00182CF78B54006CAD89 /* Frameworks */ = {
			isa = PBXFrameworksBuildPhase;
			buildActionMask = 2147483647;
			files = (
			);
			runOnlyForDeploymentPostprocessing = 0;
		};
		75DA00222CF78B54006CAD89 /* Frameworks */ = {
			isa = PBXFrameworksBuildPhase;
			buildActionMask = 2147483647;
			files = (
			);
			runOnlyForDeploymentPostprocessing = 0;
		};
/* End PBXFrameworksBuildPhase section */

/* Begin PBXGroup section */
		75DA00022CF78B52006CAD89 = {
			isa = PBXGroup;
			children = (
				75DA000D2CF78B52006CAD89 /* nubble_app */,
				75DA001E2CF78B54006CAD89 /* nubble_appTests */,
				75DA00282CF78B54006CAD89 /* nubble_appUITests */,
				75DA000C2CF78B52006CAD89 /* Products */,
			);
			sourceTree = "<group>";
		};
		75DA000C2CF78B52006CAD89 /* Products */ = {
			isa = PBXGroup;
			children = (
				75DA000B2CF78B52006CAD89 /* nubble_app.app */,
				75DA001B2CF78B54006CAD89 /* nubble_appTests.xctest */,
				75DA00252CF78B54006CAD89 /* nubble_appUITests.xctest */,
			);
			name = Products;
			sourceTree = "<group>";
		};
		75DA000D2CF78B52006CAD89 /* nubble_app */ = {
			isa = PBXGroup;
			children = (
				75DA000E2CF78B52006CAD89 /* nubble_appApp.swift */,
				75DA00102CF78B52006CAD89 /* ContentView.swift */,
				75DA00122CF78B54006CAD89 /* Assets.xcassets */,
				75DA00142CF78B54006CAD89 /* Preview Content */,
			);
			path = nubble_app;
			sourceTree = "<group>";
		};
		75DA00142CF78B54006CAD89 /* Preview Content */ = {
			isa = PBXGroup;
			children = (
				75DA00152CF78B54006CAD89 /* Preview Assets.xcassets */,
			);
			path = "Preview Content";
			sourceTree = "<group>";
		};
		75DA001E2CF78B54006CAD89 /* nubble_appTests */ = {
			isa = PBXGroup;
			children = (
				75DA001F2CF78B54006CAD89 /* nubble_appTests.swift */,
			);
			path = nubble_appTests;
			sourceTree = "<group>";
		};
		75DA00282CF78B54006CAD89 /* nubble_appUITests */ = {
			isa = PBXGroup;
			children = (
				75DA00292CF78B54006CAD89 /* nubble_appUITests.swift */,
				75DA002B2CF78B54006CAD89 /* nubble_appUITestsLaunchTests.swift */,
			);
			path = nubble_appUITests;
			sourceTree = "<group>";
		};
/* End PBXGroup section */

/* Begin PBXNativeTarget section */
		75DA000A2CF78B52006CAD89 /* nubble_app */ = {
			isa = PBXNativeTarget;
			buildConfigurationList = 75DA002F2CF78B54006CAD89 /* Build configuration list for PBXNativeTarget "nubble_app" */;
			buildPhases = (
				75DA00072CF78B52006CAD89 /* Sources */,
				75DA00082CF78B52006CAD89 /* Frameworks */,
				75DA00092CF78B52006CAD89 /* Resources */,
			);
			buildRules = (
			);
			dependencies = (
			);
			name = nubble_app;
			productName = nubble_app;
			productReference = 75DA000B2CF78B52006CAD89 /* nubble_app.app */;
			productType = "com.apple.product-type.application";
		};
		75DA001A2CF78B54006CAD89 /* nubble_appTests */ = {
			isa = PBXNativeTarget;
			buildConfigurationList = 75DA00322CF78B54006CAD89 /* Build configuration list for PBXNativeTarget "nubble_appTests" */;
			buildPhases = (
				75DA00172CF78B54006CAD89 /* Sources */,
				75DA00182CF78B54006CAD89 /* Frameworks */,
				75DA00192CF78B54006CAD89 /* Resources */,
			);
			buildRules = (
			);
			dependencies = (
				75DA001D2CF78B54006CAD89 /* PBXTargetDependency */,
			);
			name = nubble_appTests;
			productName = nubble_appTests;
			productReference = 75DA001B2CF78B54006CAD89 /* nubble_appTests.xctest */;
			productType = "com.apple.product-type.bundle.unit-test";
		};
		75DA00242CF78B54006CAD89 /* nubble_appUITests */ = {
			isa = PBXNativeTarget;
			buildConfigurationList = 75DA00352CF78B54006CAD89 /* Build configuration list for PBXNativeTarget "nubble_appUITests" */;
			buildPhases = (
				75DA00212CF78B54006CAD89 /* Sources */,
				75DA00222CF78B54006CAD89 /* Frameworks */,
				75DA00232CF78B54006CAD89 /* Resources */,
			);
			buildRules = (
			);
			dependencies = (
				75DA00272CF78B54006CAD89 /* PBXTargetDependency */,
			);
			name = nubble_appUITests;
			productName = nubble_appUITests;
			productReference = 75DA00252CF78B54006CAD89 /* nubble_appUITests.xctest */;
			productType = "com.apple.product-type.bundle.ui-testing";
		};
/* End PBXNativeTarget section */

/* Begin PBXProject section */
		75DA00032CF78B52006CAD89 /* Project object */ = {
			isa = PBXProject;
			attributes = {
				BuildIndependentTargetsInParallel = 1;
				LastSwiftUpdateCheck = 1510;
				LastUpgradeCheck = 1510;
				TargetAttributes = {
					75DA000A2CF78B52006CAD89 = {
						CreatedOnToolsVersion = 15.1;
					};
					75DA001A2CF78B54006CAD89 = {
						CreatedOnToolsVersion = 15.1;
						TestTargetID = 75DA000A2CF78B52006CAD89;
					};
					75DA00242CF78B54006CAD89 = {
						CreatedOnToolsVersion = 15.1;
						TestTargetID = 75DA000A2CF78B52006CAD89;
					};
				};
			};
			buildConfigurationList = 75DA00062CF78B52006CAD89 /* Build configuration list for PBXProject "nubble_app" */;
			compatibilityVersion = "Xcode 14.0";
			developmentRegion = en;
			hasScannedForEncodings = 0;
			knownRegions = (
				en,
				Base,
			);
			mainGroup = 75DA00022CF78B52006CAD89;
			productRefGroup = 75DA000C2CF78B52006CAD89 /* Products */;
			projectDirPath = "";
			projectRoot = "";
			targets = (
				75DA000A2CF78B52006CAD89 /* nubble_app */,
				75DA001A2CF78B54006CAD89 /* nubble_appTests */,
				75DA00242CF78B54006CAD89 /* nubble_appUITests */,
			);
		};
/* End PBXProject section */

/* Begin PBXResourcesBuildPhase section */
		75DA00092CF78B52006CAD89 /* Resources */ = {
			isa = PBXResourcesBuildPhase;
			buildActionMask = 2147483647;
			files = (
				75DA00162CF78B54006CAD89 /* Preview Assets.xcassets in Resources */,
				75DA00132CF78B54006CAD89 /* Assets.xcassets in Resources */,
			);
			runOnlyForDeploymentPostprocessing = 0;
		};
		75DA00192CF78B54006CAD89 /* Resources */ = {
			isa = PBXResourcesBuildPhase;
			buildActionMask = 2147483647;
			files = (
			);
			runOnlyForDeploymentPostprocessing = 0;
		};
		75DA00232CF78B54006CAD89 /* Resources */ = {
			isa = PBXResourcesBuildPhase;
			buildActionMask = 2147483647;
			files = (
			);
			runOnlyForDeploymentPostprocessing = 0;
		};
/* End PBXResourcesBuildPhase section */

/* Begin PBXSourcesBuildPhase section */
		75DA00072CF78B52006CAD89 /* Sources */ = {
			isa = PBXSourcesBuildPhase;
			buildActionMask = 2147483647;
			files = (
				75DA00112CF78B52006CAD89 /* ContentView.swift in Sources */,
				75DA000F2CF78B52006CAD89 /* nubble_appApp.swift in Sources */,
			);
			runOnlyForDeploymentPostprocessing = 0;
		};
		75DA00172CF78B54006CAD89 /* Sources */ = {
			isa = PBXSourcesBuildPhase;
			buildActionMask = 2147483647;
			files = (
				75DA00202CF78B54006CAD89 /* nubble_appTests.swift in Sources */,
			);
			runOnlyForDeploymentPostprocessing = 0;
		};
		75DA00212CF78B54006CAD89 /* Sources */ = {
			isa = PBXSourcesBuildPhase;
			buildActionMask = 2147483647;
			files = (
				75DA002C2CF78B54006CAD89 /* nubble_appUITestsLaunchTests.swift in Sources */,
				75DA002A2CF78B54006CAD89 /* nubble_appUITests.swift in Sources */,
			);
			runOnlyForDeploymentPostprocessing = 0;
		};
/* End PBXSourcesBuildPhase section */

/* Begin PBXTargetDependency section */
		75DA001D2CF78B54006CAD89 /* PBXTargetDependency */ = {
			isa = PBXTargetDependency;
			target = 75DA000A2CF78B52006CAD89 /* nubble_app */;
			targetProxy = 75DA001C2CF78B54006CAD89 /* PBXContainerItemProxy */;
		};
		75DA00272CF78B54006CAD89 /* PBXTargetDependency */ = {
			isa = PBXTargetDependency;
			target = 75DA000A2CF78B52006CAD89 /* nubble_app */;
			targetProxy = 75DA00262CF78B54006CAD89 /* PBXContainerItemProxy */;
		};
/* End PBXTargetDependency section */

/* Begin XCBuildConfiguration section */
		75DA002D2CF78B54006CAD89 /* Debug */ = {
			isa = XCBuildConfiguration;
			buildSettings = {
				ALWAYS_SEARCH_USER_PATHS = NO;
				ASSETCATALOG_COMPILER_GENERATE_SWIFT_ASSET_SYMBOL_EXTENSIONS = YES;
				CLANG_ANALYZER_NONNULL = YES;
				CLANG_ANALYZER_NUMBER_OBJECT_CONVERSION = YES_AGGRESSIVE;
				CLANG_CXX_LANGUAGE_STANDARD = "gnu++20";
				CLANG_ENABLE_MODULES = YES;
				CLANG_ENABLE_OBJC_ARC = YES;
				CLANG_ENABLE_OBJC_WEAK = YES;
				CLANG_WARN_BLOCK_CAPTURE_AUTORELEASING = YES;
				CLANG_WARN_BOOL_CONVERSION = YES;
				CLANG_WARN_COMMA = YES;
				CLANG_WARN_CONSTANT_CONVERSION = YES;
				CLANG_WARN_DEPRECATED_OBJC_IMPLEMENTATIONS = YES;
				CLANG_WARN_DIRECT_OBJC_ISA_USAGE = YES_ERROR;
				CLANG_WARN_DOCUMENTATION_COMMENTS = YES;
				CLANG_WARN_EMPTY_BODY = YES;
				CLANG_WARN_ENUM_CONVERSION = YES;
				CLANG_WARN_INFINITE_RECURSION = YES;
				CLANG_WARN_INT_CONVERSION = YES;
				CLANG_WARN_NON_LITERAL_NULL_CONVERSION = YES;
				CLANG_WARN_OBJC_IMPLICIT_RETAIN_SELF = YES;
				CLANG_WARN_OBJC_LITERAL_CONVERSION = YES;
				CLANG_WARN_OBJC_ROOT_CLASS = YES_ERROR;
				CLANG_WARN_QUOTED_INCLUDE_IN_FRAMEWORK_HEADER = YES;
				CLANG_WARN_RANGE_LOOP_ANALYSIS = YES;
				CLANG_WARN_STRICT_PROTOTYPES = YES;
				CLANG_WARN_SUSPICIOUS_MOVE = YES;
				CLANG_WARN_UNGUARDED_AVAILABILITY = YES_AGGRESSIVE;
				CLANG_WARN_UNREACHABLE_CODE = YES;
				CLANG_WARN__DUPLICATE_METHOD_MATCH = YES;
				COPY_PHASE_STRIP = NO;
				DEBUG_INFORMATION_FORMAT = dwarf;
				ENABLE_STRICT_OBJC_MSGSEND = YES;
				ENABLE_TESTABILITY = YES;
				ENABLE_USER_SCRIPT_SANDBOXING = YES;
				GCC_C_LANGUAGE_STANDARD = gnu17;
				GCC_DYNAMIC_NO_PIC = NO;
				GCC_NO_COMMON_BLOCKS = YES;
				GCC_OPTIMIZATION_LEVEL = 0;
				GCC_PREPROCESSOR_DEFINITIONS = (
					"DEBUG=1",
					"$(inherited)",
				);
				GCC_WARN_64_TO_32_BIT_CONVERSION = YES;
				GCC_WARN_ABOUT_RETURN_TYPE = YES_ERROR;
				GCC_WARN_UNDECLARED_SELECTOR = YES;
				GCC_WARN_UNINITIALIZED_AUTOS = YES_AGGRESSIVE;
				GCC_WARN_UNUSED_FUNCTION = YES;
				GCC_WARN_UNUSED_VARIABLE = YES;
				IPHONEOS_DEPLOYMENT_TARGET = 17.2;
				LOCALIZATION_PREFERS_STRING_CATALOGS = YES;
				MTL_ENABLE_DEBUG_INFO = INCLUDE_SOURCE;
				MTL_FAST_MATH = YES;
				ONLY_ACTIVE_ARCH = YES;
				SDKROOT = iphoneos;
				SWIFT_ACTIVE_COMPILATION_CONDITIONS = "DEBUG $(inherited)";
				SWIFT_OPTIMIZATION_LEVEL = "-Onone";
			};
			name = Debug;
		};
		75DA002E2CF78B54006CAD89 /* Release */ = {
			isa = XCBuildConfiguration;
			buildSettings = {
				ALWAYS_SEARCH_USER_PATHS = NO;
				ASSETCATALOG_COMPILER_GENERATE_SWIFT_ASSET_SYMBOL_EXTENSIONS = YES;
				CLANG_ANALYZER_NONNULL = YES;
				CLANG_ANALYZER_NUMBER_OBJECT_CONVERSION = YES_AGGRESSIVE;
				CLANG_CXX_LANGUAGE_STANDARD = "gnu++20";
				CLANG_ENABLE_MODULES = YES;
				CLANG_ENABLE_OBJC_ARC = YES;
				CLANG_ENABLE_OBJC_WEAK = YES;
				CLANG_WARN_BLOCK_CAPTURE_AUTORELEASING = YES;
				CLANG_WARN_BOOL_CONVERSION = YES;
				CLANG_WARN_COMMA = YES;
				CLANG_WARN_CONSTANT_CONVERSION = YES;
				CLANG_WARN_DEPRECATED_OBJC_IMPLEMENTATIONS = YES;
				CLANG_WARN_DIRECT_OBJC_ISA_USAGE = YES_ERROR;
				CLANG_WARN_DOCUMENTATION_COMMENTS = YES;
				CLANG_WARN_EMPTY_BODY = YES;
				CLANG_WARN_ENUM_CONVERSION = YES;
				CLANG_WARN_INFINITE_RECURSION = YES;
				CLANG_WARN_INT_CONVERSION = YES;
				CLANG_WARN_NON_LITERAL_NULL_CONVERSION = YES;
				CLANG_WARN_OBJC_IMPLICIT_RETAIN_SELF = YES;
				CLANG_WARN_OBJC_LITERAL_CONVERSION = YES;
				CLANG_WARN_OBJC_ROOT_CLASS = YES_ERROR;
				CLANG_WARN_QUOTED_INCLUDE_IN_FRAMEWORK_HEADER = YES;
				CLANG_WARN_RANGE_LOOP_ANALYSIS = YES;
				CLANG_WARN_STRICT_PROTOTYPES = YES;
				CLANG_WARN_SUSPICIOUS_MOVE = YES;
				CLANG_WARN_UNGUARDED_AVAILABILITY = YES_AGGRESSIVE;
				CLANG_WARN_UNREACHABLE_CODE = YES;
				CLANG_WARN__DUPLICATE_METHOD_MATCH = YES;
				COPY_PHASE_STRIP = NO;
				DEBUG_INFORMATION_FORMAT = "dwarf-with-dsym";
				ENABLE_NS_ASSERTIONS = NO;
				ENABLE_STRICT_OBJC_MSGSEND = YES;
				ENABLE_USER_SCRIPT_SANDBOXING = YES;
				GCC_C_LANGUAGE_STANDARD = gnu17;
				GCC_NO_COMMON_BLOCKS = YES;
				GCC_WARN_64_TO_32_BIT_CONVERSION = YES;
				GCC_WARN_ABOUT_RETURN_TYPE = YES_ERROR;
				GCC_WARN_UNDECLARED_SELECTOR = YES;
				GCC_WARN_UNINITIALIZED_AUTOS = YES_AGGRESSIVE;
				GCC_WARN_UNUSED_FUNCTION = YES;
				GCC_WARN_UNUSED_VARIABLE = YES;
				IPHONEOS_DEPLOYMENT_TARGET = 17.2;
				LOCALIZATION_PREFERS_STRING_CATALOGS = YES;
				MTL_ENABLE_DEBUG_INFO = NO;
				MTL_FAST_MATH = YES;
				SDKROOT = iphoneos;
				SWIFT_COMPILATION_MODE = wholemodule;
				VALIDATE_PRODUCT = YES;
			};
			name = Release;
		};
		75DA00302CF78B54006CAD89 /* Debug */ = {
			isa = XCBuildConfiguration;
			buildSettings = {
				ASSETCATALOG_COMPILER_APPICON_NAME = AppIcon;
				ASSETCATALOG_COMPILER_GLOBAL_ACCENT_COLOR_NAME = AccentColor;
				CODE_SIGN_STYLE = Automatic;
				CURRENT_PROJECT_VERSION = 1;
				DEVELOPMENT_ASSET_PATHS = "\"nubble_app/Preview Content\"";
				DEVELOPMENT_TEAM = FVCVPG9KL5;
				ENABLE_PREVIEWS = YES;
				GENERATE_INFOPLIST_FILE = YES;
				INFOPLIST_KEY_UIApplicationSceneManifest_Generation = YES;
				INFOPLIST_KEY_UIApplicationSupportsIndirectInputEvents = YES;
				INFOPLIST_KEY_UILaunchScreen_Generation = YES;
				INFOPLIST_KEY_UISupportedInterfaceOrientations_iPad = "UIInterfaceOrientationPortrait UIInterfaceOrientationPortraitUpsideDown UIInterfaceOrientationLandscapeLeft UIInterfaceOrientationLandscapeRight";
				INFOPLIST_KEY_UISupportedInterfaceOrientations_iPhone = "UIInterfaceOrientationPortrait UIInterfaceOrientationLandscapeLeft UIInterfaceOrientationLandscapeRight";
				LD_RUNPATH_SEARCH_PATHS = (
					"$(inherited)",
					"@executable_path/Frameworks",
				);
				MARKETING_VERSION = 1.0;
				PRODUCT_BUNDLE_IDENTIFIER = "br.com.stagetree.nubble-app";
				PRODUCT_NAME = "$(TARGET_NAME)";
				SWIFT_EMIT_LOC_STRINGS = YES;
				SWIFT_VERSION = 5.0;
				TARGETED_DEVICE_FAMILY = "1,2";
			};
			name = Debug;
		};
		75DA00312CF78B54006CAD89 /* Release */ = {
			isa = XCBuildConfiguration;
			buildSettings = {
				ASSETCATALOG_COMPILER_APPICON_NAME = AppIcon;
				ASSETCATALOG_COMPILER_GLOBAL_ACCENT_COLOR_NAME = AccentColor;
				CODE_SIGN_STYLE = Automatic;
				CURRENT_PROJECT_VERSION = 1;
				DEVELOPMENT_ASSET_PATHS = "\"nubble_app/Preview Content\"";
				DEVELOPMENT_TEAM = FVCVPG9KL5;
				ENABLE_PREVIEWS = YES;
				GENERATE_INFOPLIST_FILE = YES;
				INFOPLIST_KEY_UIApplicationSceneManifest_Generation = YES;
				INFOPLIST_KEY_UIApplicationSupportsIndirectInputEvents = YES;
				INFOPLIST_KEY_UILaunchScreen_Generation = YES;
				INFOPLIST_KEY_UISupportedInterfaceOrientations_iPad = "UIInterfaceOrientationPortrait UIInterfaceOrientationPortraitUpsideDown UIInterfaceOrientationLandscapeLeft UIInterfaceOrientationLandscapeRight";
				INFOPLIST_KEY_UISupportedInterfaceOrientations_iPhone = "UIInterfaceOrientationPortrait UIInterfaceOrientationLandscapeLeft UIInterfaceOrientationLandscapeRight";
				LD_RUNPATH_SEARCH_PATHS = (
					"$(inherited)",
					"@executable_path/Frameworks",
				);
				MARKETING_VERSION = 1.0;
				PRODUCT_BUNDLE_IDENTIFIER = "br.com.stagetree.nubble-app";
				PRODUCT_NAME = "$(TARGET_NAME)";
				SWIFT_EMIT_LOC_STRINGS = YES;
				SWIFT_VERSION = 5.0;
				TARGETED_DEVICE_FAMILY = "1,2";
			};
			name = Release;
		};
		75DA00332CF78B54006CAD89 /* Debug */ = {
			isa = XCBuildConfiguration;
			buildSettings = {
				ALWAYS_EMBED_SWIFT_STANDARD_LIBRARIES = YES;
				BUNDLE_LOADER = "$(TEST_HOST)";
				CODE_SIGN_STYLE = Automatic;
				CURRENT_PROJECT_VERSION = 1;
				DEVELOPMENT_TEAM = FVCVPG9KL5;
				GENERATE_INFOPLIST_FILE = YES;
				IPHONEOS_DEPLOYMENT_TARGET = 17.2;
				MARKETING_VERSION = 1.0;
				PRODUCT_BUNDLE_IDENTIFIER = "br.com.stagetree.nubble-appTests";
				PRODUCT_NAME = "$(TARGET_NAME)";
				SWIFT_EMIT_LOC_STRINGS = NO;
				SWIFT_VERSION = 5.0;
				TARGETED_DEVICE_FAMILY = "1,2";
				TEST_HOST = "$(BUILT_PRODUCTS_DIR)/nubble_app.app/$(BUNDLE_EXECUTABLE_FOLDER_PATH)/nubble_app";
			};
			name = Debug;
		};
		75DA00342CF78B54006CAD89 /* Release */ = {
			isa = XCBuildConfiguration;
			buildSettings = {
				ALWAYS_EMBED_SWIFT_STANDARD_LIBRARIES = YES;
				BUNDLE_LOADER = "$(TEST_HOST)";
				CODE_SIGN_STYLE = Automatic;
				CURRENT_PROJECT_VERSION = 1;
				DEVELOPMENT_TEAM = FVCVPG9KL5;
				GENERATE_INFOPLIST_FILE = YES;
				IPHONEOS_DEPLOYMENT_TARGET = 17.2;
				MARKETING_VERSION = 1.0;
				PRODUCT_BUNDLE_IDENTIFIER = "br.com.stagetree.nubble-appTests";
				PRODUCT_NAME = "$(TARGET_NAME)";
				SWIFT_EMIT_LOC_STRINGS = NO;
				SWIFT_VERSION = 5.0;
				TARGETED_DEVICE_FAMILY = "1,2";
				TEST_HOST = "$(BUILT_PRODUCTS_DIR)/nubble_app.app/$(BUNDLE_EXECUTABLE_FOLDER_PATH)/nubble_app";
			};
			name = Release;
		};
		75DA00362CF78B54006CAD89 /* Debug */ = {
			isa = XCBuildConfiguration;
			buildSettings = {
				ALWAYS_EMBED_SWIFT_STANDARD_LIBRARIES = YES;
				CODE_SIGN_STYLE = Automatic;
				CURRENT_PROJECT_VERSION = 1;
				DEVELOPMENT_TEAM = FVCVPG9KL5;
				GENERATE_INFOPLIST_FILE = YES;
				MARKETING_VERSION = 1.0;
				PRODUCT_BUNDLE_IDENTIFIER = "br.com.stagetree.nubble-appUITests";
				PRODUCT_NAME = "$(TARGET_NAME)";
				SWIFT_EMIT_LOC_STRINGS = NO;
				SWIFT_VERSION = 5.0;
				TARGETED_DEVICE_FAMILY = "1,2";
				TEST_TARGET_NAME = nubble_app;
			};
			name = Debug;
		};
		75DA00372CF78B54006CAD89 /* Release */ = {
			isa = XCBuildConfiguration;
			buildSettings = {
				ALWAYS_EMBED_SWIFT_STANDARD_LIBRARIES = YES;
				CODE_SIGN_STYLE = Automatic;
				CURRENT_PROJECT_VERSION = 1;
				DEVELOPMENT_TEAM = FVCVPG9KL5;
				GENERATE_INFOPLIST_FILE = YES;
				MARKETING_VERSION = 1.0;
				PRODUCT_BUNDLE_IDENTIFIER = "br.com.stagetree.nubble-appUITests";
				PRODUCT_NAME = "$(TARGET_NAME)";
				SWIFT_EMIT_LOC_STRINGS = NO;
				SWIFT_VERSION = 5.0;
				TARGETED_DEVICE_FAMILY = "1,2";
				TEST_TARGET_NAME = nubble_app;
			};
			name = Release;
		};
/* End XCBuildConfiguration section */

/* Begin XCConfigurationList section */
		75DA00062CF78B52006CAD89 /* Build configuration list for PBXProject "nubble_app" */ = {
			isa = XCConfigurationList;
			buildConfigurations = (
				75DA002D2CF78B54006CAD89 /* Debug */,
				75DA002E2CF78B54006CAD89 /* Release */,
			);
			defaultConfigurationIsVisible = 0;
			defaultConfigurationName = Release;
		};
		75DA002F2CF78B54006CAD89 /* Build configuration list for PBXNativeTarget "nubble_app" */ = {
			isa = XCConfigurationList;
			buildConfigurations = (
				75DA00302CF78B54006CAD89 /* Debug */,
				75DA00312CF78B54006CAD89 /* Release */,
			);
			defaultConfigurationIsVisible = 0;
			defaultConfigurationName = Release;
		};
		75DA00322CF78B54006CAD89 /* Build configuration list for PBXNativeTarget "nubble_appTests" */ = {
			isa = XCConfigurationList;
			buildConfigurations = (
				75DA00332CF78B54006CAD89 /* Debug */,
				75DA00342CF78B54006CAD89 /* Release */,
			);
			defaultConfigurationIsVisible = 0;
			defaultConfigurationName = Release;
		};
		75DA00352CF78B54006CAD89 /* Build configuration list for PBXNativeTarget "nubble_appUITests" */ = {
			isa = XCConfigurationList;
			buildConfigurations = (
				75DA00362CF78B54006CAD89 /* Debug */,
				75DA00372CF78B54006CAD89 /* Release */,
			);
			defaultConfigurationIsVisible = 0;
			defaultConfigurationName = Release;
		};
/* End XCConfigurationList section */
	};
	rootObject = 75DA00032CF78B52006CAD89 /* Project object */;
}
